
Microsoft Visual Studio Solution File, Format Version 12.00
# Visual Studio Version 17
VisualStudioVersion = 17.5.002.0
MinimumVisualStudioVersion = 10.0.40219.1
Project("{9A19103F-16F7-4668-BE54-9A1E7A4F7556}") = "Menu", "Menu.csproj", "{996468C7-870E-4965-A023-36C25F46AAFB}"
EndProject
Global
	GlobalSection(SolutionConfigurationPlatforms) = preSolution
		Debug|Any CPU = Debug|Any CPU
		Release|Any CPU = Release|Any CPU
	EndGlobalSection
	GlobalSection(ProjectConfigurationPlatforms) = postSolution
		{996468C7-870E-4965-A023-36C25F46AAFB}.Debug|Any CPU.ActiveCfg = Debug|Any CPU
		{996468C7-870E-4965-A023-36C25F46AAFB}.Debug|Any CPU.Build.0 = Debug|Any CPU
		{996468C7-870E-4965-A023-36C25F46AAFB}.Release|Any CPU.ActiveCfg = Release|Any CPU
		{996468C7-870E-4965-A023-36C25F46AAFB}.Release|Any CPU.Build.0 = Release|Any CPU
	EndGlobalSection
	GlobalSection(SolutionProperties) = preSolution
		HideSolutionNode = FALSE
	EndGlobalSection
	GlobalSection(ExtensibilityGlobals) = postSolution
		SolutionGuid = {BF117620-8883-44E2-8863-C9F1FA934FC5}
	EndGlobalSection
EndGlobal
